
Microsoft Visual Studio Solution File, Format Version 12.00
# Visual Studio Version 17
VisualStudioVersion = 17.4.33122.133
MinimumVisualStudioVersion = 10.0.40219.1
Project("{9A19103F-16F7-4668-BE54-9A1E7A4F7556}") = "KaosesMoreAmmo", "KaosesMoreAmmo\KaosesMoreAmmo.csproj", "{86C94B9D-17B8-464B-AB64-EB0636910FA5}"
EndProject
Project("{9A19103F-16F7-4668-BE54-9A1E7A4F7556}") = "KaosesMoreAmmoCore", "KaosesMoreAmmoCore\KaosesMoreAmmoCore.csproj", "{D3FD41CC-1EE7-4F34-B09D-70068776CA63}"
EndProject
Global
	GlobalSection(SolutionConfigurationPlatforms) = preSolution
		Debug|x64 = Debug|x64
		Release|x64 = Release|x64
	EndGlobalSection
	GlobalSection(ProjectConfigurationPlatforms) = postSolution
		{86C94B9D-17B8-464B-AB64-EB0636910FA5}.Debug|x64.ActiveCfg = Debug|x64
		{86C94B9D-17B8-464B-AB64-EB0636910FA5}.Debug|x64.Build.0 = Debug|x64
		{86C94B9D-17B8-464B-AB64-EB0636910FA5}.Release|x64.ActiveCfg = Release|x64
		{86C94B9D-17B8-464B-AB64-EB0636910FA5}.Release|x64.Build.0 = Release|x64
		{D3FD41CC-1EE7-4F34-B09D-70068776CA63}.Debug|x64.ActiveCfg = Debug|x64
		{D3FD41CC-1EE7-4F34-B09D-70068776CA63}.Debug|x64.Build.0 = Debug|x64
		{D3FD41CC-1EE7-4F34-B09D-70068776CA63}.Release|x64.ActiveCfg = Release|x64
		{D3FD41CC-1EE7-4F34-B09D-70068776CA63}.Release|x64.Build.0 = Release|x64
	EndGlobalSection
	GlobalSection(SolutionProperties) = preSolution
		HideSolutionNode = FALSE
	EndGlobalSection
	GlobalSection(ExtensibilityGlobals) = postSolution
		SolutionGuid = {17DFBD0F-DFD2-42E1-91E3-9964D388FE91}
	EndGlobalSection
EndGlobal
